// !$*UTF8*$!
{
	archiveVersion = 1;
	classes = {
	};
	objectVersion = 52;
	objects = {

/* Begin PBXBuildFile section */
		2D7D704463762989443C9203 /* Pods_Unit1Tests.framework in Frameworks */ = {isa = PBXBuildFile; fileRef = A484A7A7D72021A6987E08D3 /* Pods_Unit1Tests.framework */; };
		4E2514A0B401445C344EEB5C /* Pods_Unit1.framework in Frameworks */ = {isa = PBXBuildFile; fileRef = 5BAEC17E2F3C1729C300B2DE /* Pods_Unit1.framework */; };
		6E1948002707A9190045D1D2 /* MovieDetailsViewController.swift in Sources */ = {isa = PBXBuildFile; fileRef = 6E1947FF2707A9190045D1D2 /* MovieDetailsViewController.swift */; };
		6E1948022707BB9D0045D1D2 /* MovieGridViewController.swift in Sources */ = {isa = PBXBuildFile; fileRef = 6E1948012707BB9D0045D1D2 /* MovieGridViewController.swift */; };
		6E1948042707C2EA0045D1D2 /* MovieGridCell.swift in Sources */ = {isa = PBXBuildFile; fileRef = 6E1948032707C2EA0045D1D2 /* MovieGridCell.swift */; };
		6E8FB31526FDF6DB00546CC9 /* AppDelegate.swift in Sources */ = {isa = PBXBuildFile; fileRef = 6E8FB31426FDF6DB00546CC9 /* AppDelegate.swift */; };
		6E8FB31726FDF6DB00546CC9 /* SceneDelegate.swift in Sources */ = {isa = PBXBuildFile; fileRef = 6E8FB31626FDF6DB00546CC9 /* SceneDelegate.swift */; };
		6E8FB31926FDF6DB00546CC9 /* ViewController.swift in Sources */ = {isa = PBXBuildFile; fileRef = 6E8FB31826FDF6DB00546CC9 /* ViewController.swift */; };
		6E8FB31C26FDF6DB00546CC9 /* Main.storyboard in Resources */ = {isa = PBXBuildFile; fileRef = 6E8FB31A26FDF6DB00546CC9 /* Main.storyboard */; };
		6E8FB31E26FDF6DD00546CC9 /* Assets.xcassets in Resources */ = {isa = PBXBuildFile; fileRef = 6E8FB31D26FDF6DD00546CC9 /* Assets.xcassets */; };
		6E8FB32C26FDF6DD00546CC9 /* Unit1Tests.swift in Sources */ = {isa = PBXBuildFile; fileRef = 6E8FB32B26FDF6DD00546CC9 /* Unit1Tests.swift */; };
		6E8FB33726FDF6DD00546CC9 /* Unit1UITests.swift in Sources */ = {isa = PBXBuildFile; fileRef = 6E8FB33626FDF6DD00546CC9 /* Unit1UITests.swift */; };
		6E8FB34426FDF91200546CC9 /* LaunchScreen.storyboard in Resources */ = {isa = PBXBuildFile; fileRef = 6E8FB31F26FDF6DD00546CC9 /* LaunchScreen.storyboard */; };
		6E8FB34626FE5B3200546CC9 /* MovieCell.swift in Sources */ = {isa = PBXBuildFile; fileRef = 6E8FB34526FE5B3200546CC9 /* MovieCell.swift */; };
		6E8FB34926FE666600546CC9 /* AlamofireImage in Frameworks */ = {isa = PBXBuildFile; productRef = 6E8FB34826FE666600546CC9 /* AlamofireImage */; };
		9950A05B9E163DCDDE02740D /* Pods_Unit1_Unit1UITests.framework in Frameworks */ = {isa = PBXBuildFile; fileRef = CC00A5FBE5299F80443514BA /* Pods_Unit1_Unit1UITests.framework */; };
/* End PBXBuildFile section */

/* Begin PBXContainerItemProxy section */
		6E8FB32826FDF6DD00546CC9 /* PBXContainerItemProxy */ = {
			isa = PBXContainerItemProxy;
			containerPortal = 6E8FB30926FDF6DB00546CC9 /* Project object */;
			proxyType = 1;
			remoteGlobalIDString = 6E8FB31026FDF6DB00546CC9;
			remoteInfo = Unit1;
		};
		6E8FB33326FDF6DD00546CC9 /* PBXContainerItemProxy */ = {
			isa = PBXContainerItemProxy;
			containerPortal = 6E8FB30926FDF6DB00546CC9 /* Project object */;
			proxyType = 1;
			remoteGlobalIDString = 6E8FB31026FDF6DB00546CC9;
			remoteInfo = Unit1;
		};
/* End PBXContainerItemProxy section */

/* Begin PBXFileReference section */
		2524E8FD32A5CDD23EF0D124 /* Pods-Unit1-Unit1UITests.debug.xcconfig */ = {isa = PBXFileReference; includeInIndex = 1; lastKnownFileType = text.xcconfig; name = "Pods-Unit1-Unit1UITests.debug.xcconfig"; path = "Target Support Files/Pods-Unit1-Unit1UITests/Pods-Unit1-Unit1UITests.debug.xcconfig"; sourceTree = "<group>"; };
		46B0888FBBFA1ED4BCD5131B /* Pods-Unit1-Unit1UITests.release.xcconfig */ = {isa = PBXFileReference; includeInIndex = 1; lastKnownFileType = text.xcconfig; name = "Pods-Unit1-Unit1UITests.release.xcconfig"; path = "Target Support Files/Pods-Unit1-Unit1UITests/Pods-Unit1-Unit1UITests.release.xcconfig"; sourceTree = "<group>"; };
		530594E7D879B8548CDCD0AA /* Pods-Unit1.debug.xcconfig */ = {isa = PBXFileReference; includeInIndex = 1; lastKnownFileType = text.xcconfig; name = "Pods-Unit1.debug.xcconfig"; path = "Target Support Files/Pods-Unit1/Pods-Unit1.debug.xcconfig"; sourceTree = "<group>"; };
		575019BF92C0BDFE01F03DAD /* Pods-Unit1Tests.debug.xcconfig */ = {isa = PBXFileReference; includeInIndex = 1; lastKnownFileType = text.xcconfig; name = "Pods-Unit1Tests.debug.xcconfig"; path = "Target Support Files/Pods-Unit1Tests/Pods-Unit1Tests.debug.xcconfig"; sourceTree = "<group>"; };
		5BAEC17E2F3C1729C300B2DE /* Pods_Unit1.framework */ = {isa = PBXFileReference; explicitFileType = wrapper.framework; includeInIndex = 0; path = Pods_Unit1.framework; sourceTree = BUILT_PRODUCTS_DIR; };
		6E1947FF2707A9190045D1D2 /* MovieDetailsViewController.swift */ = {isa = PBXFileReference; lastKnownFileType = sourcecode.swift; path = MovieDetailsViewController.swift; sourceTree = "<group>"; };
		6E1948012707BB9D0045D1D2 /* MovieGridViewController.swift */ = {isa = PBXFileReference; lastKnownFileType = sourcecode.swift; path = MovieGridViewController.swift; sourceTree = "<group>"; };
		6E1948032707C2EA0045D1D2 /* MovieGridCell.swift */ = {isa = PBXFileReference; lastKnownFileType = sourcecode.swift; path = MovieGridCell.swift; sourceTree = "<group>"; };
		6E8FB31126FDF6DB00546CC9 /* Unit1.app */ = {isa = PBXFileReference; explicitFileType = wrapper.application; includeInIndex = 0; path = Unit1.app; sourceTree = BUILT_PRODUCTS_DIR; };
		6E8FB31426FDF6DB00546CC9 /* AppDelegate.swift */ = {isa = PBXFileReference; lastKnownFileType = sourcecode.swift; path = AppDelegate.swift; sourceTree = "<group>"; };
		6E8FB31626FDF6DB00546CC9 /* SceneDelegate.swift */ = {isa = PBXFileReference; lastKnownFileType = sourcecode.swift; path = SceneDelegate.swift; sourceTree = "<group>"; };
		6E8FB31826FDF6DB00546CC9 /* ViewController.swift */ = {isa = PBXFileReference; lastKnownFileType = sourcecode.swift; path = ViewController.swift; sourceTree = "<group>"; };
		6E8FB31B26FDF6DB00546CC9 /* Base */ = {isa = PBXFileReference; lastKnownFileType = file.storyboard; name = Base; path = Base.lproj/Main.storyboard; sourceTree = "<group>"; };
		6E8FB31D26FDF6DD00546CC9 /* Assets.xcassets */ = {isa = PBXFileReference; lastKnownFileType = folder.assetcatalog; path = Assets.xcassets; sourceTree = "<group>"; };
		6E8FB32026FDF6DD00546CC9 /* Base */ = {isa = PBXFileReference; lastKnownFileType = file.storyboard; name = Base; path = Base.lproj/LaunchScreen.storyboard; sourceTree = "<group>"; };
		6E8FB32226FDF6DD00546CC9 /* Info.plist */ = {isa = PBXFileReference; lastKnownFileType = text.plist.xml; path = Info.plist; sourceTree = "<group>"; };
		6E8FB32726FDF6DD00546CC9 /* Unit1Tests.xctest */ = {isa = PBXFileReference; explicitFileType = wrapper.cfbundle; includeInIndex = 0; path = Unit1Tests.xctest; sourceTree = BUILT_PRODUCTS_DIR; };
		6E8FB32B26FDF6DD00546CC9 /* Unit1Tests.swift */ = {isa = PBXFileReference; lastKnownFileType = sourcecode.swift; path = Unit1Tests.swift; sourceTree = "<group>"; };
		6E8FB32D26FDF6DD00546CC9 /* Info.plist */ = {isa = PBXFileReference; lastKnownFileType = text.plist.xml; path = Info.plist; sourceTree = "<group>"; };
		6E8FB33226FDF6DD00546CC9 /* Unit1UITests.xctest */ = {isa = PBXFileReference; explicitFileType = wrapper.cfbundle; includeInIndex = 0; path = Unit1UITests.xctest; sourceTree = BUILT_PRODUCTS_DIR; };
		6E8FB33626FDF6DD00546CC9 /* Unit1UITests.swift */ = {isa = PBXFileReference; lastKnownFileType = sourcecode.swift; path = Unit1UITests.swift; sourceTree = "<group>"; };
		6E8FB33826FDF6DD00546CC9 /* Info.plist */ = {isa = PBXFileReference; lastKnownFileType = text.plist.xml; path = Info.plist; sourceTree = "<group>"; };
		6E8FB34526FE5B3200546CC9 /* MovieCell.swift */ = {isa = PBXFileReference; lastKnownFileType = sourcecode.swift; path = MovieCell.swift; sourceTree = "<group>"; };
		8A8851AEC9C05514B7BD583A /* Pods-Unit1Tests.release.xcconfig */ = {isa = PBXFileReference; includeInIndex = 1; lastKnownFileType = text.xcconfig; name = "Pods-Unit1Tests.release.xcconfig"; path = "Target Support Files/Pods-Unit1Tests/Pods-Unit1Tests.release.xcconfig"; sourceTree = "<group>"; };
		A484A7A7D72021A6987E08D3 /* Pods_Unit1Tests.framework */ = {isa = PBXFileReference; explicitFileType = wrapper.framework; includeInIndex = 0; path = Pods_Unit1Tests.framework; sourceTree = BUILT_PRODUCTS_DIR; };
		CC00A5FBE5299F80443514BA /* Pods_Unit1_Unit1UITests.framework */ = {isa = PBXFileReference; explicitFileType = wrapper.framework; includeInIndex = 0; path = Pods_Unit1_Unit1UITests.framework; sourceTree = BUILT_PRODUCTS_DIR; };
		E5AFA1E6F2C07548662D885E /* Pods-Unit1.release.xcconfig */ = {isa = PBXFileReference; includeInIndex = 1; lastKnownFileType = text.xcconfig; name = "Pods-Unit1.release.xcconfig"; path = "Target Support Files/Pods-Unit1/Pods-Unit1.release.xcconfig"; sourceTree = "<group>"; };
/* End PBXFileReference section */

/* Begin PBXFrameworksBuildPhase section */
		6E8FB30E26FDF6DB00546CC9 /* Frameworks */ = {
			isa = PBXFrameworksBuildPhase;
			buildActionMask = 2147483647;
			files = (
				6E8FB34926FE666600546CC9 /* AlamofireImage in Frameworks */,
				4E2514A0B401445C344EEB5C /* Pods_Unit1.framework in Frameworks */,
			);
			runOnlyForDeploymentPostprocessing = 0;
		};
		6E8FB32426FDF6DD00546CC9 /* Frameworks */ = {
			isa = PBXFrameworksBuildPhase;
			buildActionMask = 2147483647;
			files = (
				2D7D704463762989443C9203 /* Pods_Unit1Tests.framework in Frameworks */,
			);
			runOnlyForDeploymentPostprocessing = 0;
		};
		6E8FB32F26FDF6DD00546CC9 /* Frameworks */ = {
			isa = PBXFrameworksBuildPhase;
			buildActionMask = 2147483647;
			files = (
				9950A05B9E163DCDDE02740D /* Pods_Unit1_Unit1UITests.framework in Frameworks */,
			);
			runOnlyForDeploymentPostprocessing = 0;
		};
/* End PBXFrameworksBuildPhase section */

/* Begin PBXGroup section */
		6E8FB30826FDF6DB00546CC9 = {
			isa = PBXGroup;
			children = (
				6E8FB31326FDF6DB00546CC9 /* Unit1 */,
				6E8FB32A26FDF6DD00546CC9 /* Unit1Tests */,
				6E8FB33526FDF6DD00546CC9 /* Unit1UITests */,
				6E8FB31226FDF6DB00546CC9 /* Products */,
				A9830291A654693BE4178F4B /* Pods */,
				806D3CA7772C559220E6125E /* Frameworks */,
			);
			sourceTree = "<group>";
		};
		6E8FB31226FDF6DB00546CC9 /* Products */ = {
			isa = PBXGroup;
			children = (
				6E8FB31126FDF6DB00546CC9 /* Unit1.app */,
				6E8FB32726FDF6DD00546CC9 /* Unit1Tests.xctest */,
				6E8FB33226FDF6DD00546CC9 /* Unit1UITests.xctest */,
			);
			name = Products;
			sourceTree = "<group>";
		};
		6E8FB31326FDF6DB00546CC9 /* Unit1 */ = {
			isa = PBXGroup;
			children = (
				6E8FB31426FDF6DB00546CC9 /* AppDelegate.swift */,
				6E8FB31626FDF6DB00546CC9 /* SceneDelegate.swift */,
				6E8FB31826FDF6DB00546CC9 /* ViewController.swift */,
				6E8FB34526FE5B3200546CC9 /* MovieCell.swift */,
				6E8FB31A26FDF6DB00546CC9 /* Main.storyboard */,
				6E1948032707C2EA0045D1D2 /* MovieGridCell.swift */,
				6E1948012707BB9D0045D1D2 /* MovieGridViewController.swift */,
				6E8FB31D26FDF6DD00546CC9 /* Assets.xcassets */,
				6E8FB31F26FDF6DD00546CC9 /* LaunchScreen.storyboard */,
				6E8FB32226FDF6DD00546CC9 /* Info.plist */,
				6E1947FF2707A9190045D1D2 /* MovieDetailsViewController.swift */,
			);
			path = Unit1;
			sourceTree = "<group>";
		};
		6E8FB32A26FDF6DD00546CC9 /* Unit1Tests */ = {
			isa = PBXGroup;
			children = (
				6E8FB32B26FDF6DD00546CC9 /* Unit1Tests.swift */,
				6E8FB32D26FDF6DD00546CC9 /* Info.plist */,
			);
			path = Unit1Tests;
			sourceTree = "<group>";
		};
		6E8FB33526FDF6DD00546CC9 /* Unit1UITests */ = {
			isa = PBXGroup;
			children = (
				6E8FB33626FDF6DD00546CC9 /* Unit1UITests.swift */,
				6E8FB33826FDF6DD00546CC9 /* Info.plist */,
			);
			path = Unit1UITests;
			sourceTree = "<group>";
		};
		806D3CA7772C559220E6125E /* Frameworks */ = {
			isa = PBXGroup;
			children = (
				5BAEC17E2F3C1729C300B2DE /* Pods_Unit1.framework */,
				CC00A5FBE5299F80443514BA /* Pods_Unit1_Unit1UITests.framework */,
				A484A7A7D72021A6987E08D3 /* Pods_Unit1Tests.framework */,
			);
			name = Frameworks;
			sourceTree = "<group>";
		};
		A9830291A654693BE4178F4B /* Pods */ = {
			isa = PBXGroup;
			children = (
				530594E7D879B8548CDCD0AA /* Pods-Unit1.debug.xcconfig */,
				E5AFA1E6F2C07548662D885E /* Pods-Unit1.release.xcconfig */,
				2524E8FD32A5CDD23EF0D124 /* Pods-Unit1-Unit1UITests.debug.xcconfig */,
				46B0888FBBFA1ED4BCD5131B /* Pods-Unit1-Unit1UITests.release.xcconfig */,
				575019BF92C0BDFE01F03DAD /* Pods-Unit1Tests.debug.xcconfig */,
				8A8851AEC9C05514B7BD583A /* Pods-Unit1Tests.release.xcconfig */,
			);
			path = Pods;
			sourceTree = "<group>";
		};
/* End PBXGroup section */

/* Begin PBXNativeTarget section */
		6E8FB31026FDF6DB00546CC9 /* Unit1 */ = {
			isa = PBXNativeTarget;
			buildConfigurationList = 6E8FB33B26FDF6DD00546CC9 /* Build configuration list for PBXNativeTarget "Unit1" */;
			buildPhases = (
				8E2FAF514268122CD8E632EB /* [CP] Check Pods Manifest.lock */,
				6E8FB30D26FDF6DB00546CC9 /* Sources */,
				6E8FB30E26FDF6DB00546CC9 /* Frameworks */,
				6E8FB30F26FDF6DB00546CC9 /* Resources */,
				B2561D38685361C07424ED42 /* [CP] Embed Pods Frameworks */,
			);
			buildRules = (
			);
			dependencies = (
			);
			name = Unit1;
			packageProductDependencies = (
				6E8FB34826FE666600546CC9 /* AlamofireImage */,
			);
			productName = Unit1;
			productReference = 6E8FB31126FDF6DB00546CC9 /* Unit1.app */;
			productType = "com.apple.product-type.application";
		};
		6E8FB32626FDF6DD00546CC9 /* Unit1Tests */ = {
			isa = PBXNativeTarget;
			buildConfigurationList = 6E8FB33E26FDF6DD00546CC9 /* Build configuration list for PBXNativeTarget "Unit1Tests" */;
			buildPhases = (
				CD0371A915FAA13DEEDE07E0 /* [CP] Check Pods Manifest.lock */,
				6E8FB32326FDF6DD00546CC9 /* Sources */,
				6E8FB32426FDF6DD00546CC9 /* Frameworks */,
				6E8FB32526FDF6DD00546CC9 /* Resources */,
			);
			buildRules = (
			);
			dependencies = (
				6E8FB32926FDF6DD00546CC9 /* PBXTargetDependency */,
			);
			name = Unit1Tests;
			productName = Unit1Tests;
			productReference = 6E8FB32726FDF6DD00546CC9 /* Unit1Tests.xctest */;
			productType = "com.apple.product-type.bundle.unit-test";
		};
		6E8FB33126FDF6DD00546CC9 /* Unit1UITests */ = {
			isa = PBXNativeTarget;
			buildConfigurationList = 6E8FB34126FDF6DD00546CC9 /* Build configuration list for PBXNativeTarget "Unit1UITests" */;
			buildPhases = (
				3C60557F5E275A41246D1F29 /* [CP] Check Pods Manifest.lock */,
				6E8FB32E26FDF6DD00546CC9 /* Sources */,
				6E8FB32F26FDF6DD00546CC9 /* Frameworks */,
				6E8FB33026FDF6DD00546CC9 /* Resources */,
				90488BA62CDB9E7F9A8D0312 /* [CP] Embed Pods Frameworks */,
			);
			buildRules = (
			);
			dependencies = (
				6E8FB33426FDF6DD00546CC9 /* PBXTargetDependency */,
			);
			name = Unit1UITests;
			productName = Unit1UITests;
			productReference = 6E8FB33226FDF6DD00546CC9 /* Unit1UITests.xctest */;
			productType = "com.apple.product-type.bundle.ui-testing";
		};
/* End PBXNativeTarget section */

/* Begin PBXProject section */
		6E8FB30926FDF6DB00546CC9 /* Project object */ = {
			isa = PBXProject;
			attributes = {
				LastSwiftUpdateCheck = 1250;
				LastUpgradeCheck = 1250;
				TargetAttributes = {
					6E8FB31026FDF6DB00546CC9 = {
						CreatedOnToolsVersion = 12.5.1;
					};
					6E8FB32626FDF6DD00546CC9 = {
						CreatedOnToolsVersion = 12.5.1;
						TestTargetID = 6E8FB31026FDF6DB00546CC9;
					};
					6E8FB33126FDF6DD00546CC9 = {
						CreatedOnToolsVersion = 12.5.1;
						TestTargetID = 6E8FB31026FDF6DB00546CC9;
					};
				};
			};
			buildConfigurationList = 6E8FB30C26FDF6DB00546CC9 /* Build configuration list for PBXProject "Unit1" */;
			compatibilityVersion = "Xcode 9.3";
			developmentRegion = en;
			hasScannedForEncodings = 0;
			knownRegions = (
				en,
				Base,
			);
			mainGroup = 6E8FB30826FDF6DB00546CC9;
			packageReferences = (
				6E8FB34726FE666600546CC9 /* XCRemoteSwiftPackageReference "AlamofireImage" */,
			);
			productRefGroup = 6E8FB31226FDF6DB00546CC9 /* Products */;
			projectDirPath = "";
			projectRoot = "";
			targets = (
				6E8FB31026FDF6DB00546CC9 /* Unit1 */,
				6E8FB32626FDF6DD00546CC9 /* Unit1Tests */,
				6E8FB33126FDF6DD00546CC9 /* Unit1UITests */,
			);
		};
/* End PBXProject section */

/* Begin PBXResourcesBuildPhase section */
		6E8FB30F26FDF6DB00546CC9 /* Resources */ = {
			isa = PBXResourcesBuildPhase;
			buildActionMask = 2147483647;
			files = (
				6E8FB34426FDF91200546CC9 /* LaunchScreen.storyboard in Resources */,
				6E8FB31E26FDF6DD00546CC9 /* Assets.xcassets in Resources */,
				6E8FB31C26FDF6DB00546CC9 /* Main.storyboard in Resources */,
			);
			runOnlyForDeploymentPostprocessing = 0;
		};
		6E8FB32526FDF6DD00546CC9 /* Resources */ = {
			isa = PBXResourcesBuildPhase;
			buildActionMask = 2147483647;
			files = (
			);
			runOnlyForDeploymentPostprocessing = 0;
		};
		6E8FB33026FDF6DD00546CC9 /* Resources */ = {
			isa = PBXResourcesBuildPhase;
			buildActionMask = 2147483647;
			files = (
			);
			runOnlyForDeploymentPostprocessing = 0;
		};
/* End PBXResourcesBuildPhase section */

/* Begin PBXShellScriptBuildPhase section */
		3C60557F5E275A41246D1F29 /* [CP] Check Pods Manifest.lock */ = {
			isa = PBXShellScriptBuildPhase;
			buildActionMask = 2147483647;
			files = (
			);
			inputFileListPaths = (
			);
			inputPaths = (
				"${PODS_PODFILE_DIR_PATH}/Podfile.lock",
				"${PODS_ROOT}/Manifest.lock",
			);
			name = "[CP] Check Pods Manifest.lock";
			outputFileListPaths = (
			);
			outputPaths = (
				"$(DERIVED_FILE_DIR)/Pods-Unit1-Unit1UITests-checkManifestLockResult.txt",
			);
			runOnlyForDeploymentPostprocessing = 0;
			shellPath = /bin/sh;
			shellScript = "diff \"${PODS_PODFILE_DIR_PATH}/Podfile.lock\" \"${PODS_ROOT}/Manifest.lock\" > /dev/null\nif [ $? != 0 ] ; then\n    # print error to STDERR\n    echo \"error: The sandbox is not in sync with the Podfile.lock. Run 'pod install' or update your CocoaPods installation.\" >&2\n    exit 1\nfi\n# This output is used by Xcode 'outputs' to avoid re-running this script phase.\necho \"SUCCESS\" > \"${SCRIPT_OUTPUT_FILE_0}\"\n";
			showEnvVarsInLog = 0;
		};
		8E2FAF514268122CD8E632EB /* [CP] Check Pods Manifest.lock */ = {
			isa = PBXShellScriptBuildPhase;
			buildActionMask = 2147483647;
			files = (
			);
			inputFileListPaths = (
			);
			inputPaths = (
				"${PODS_PODFILE_DIR_PATH}/Podfile.lock",
				"${PODS_ROOT}/Manifest.lock",
			);
			name = "[CP] Check Pods Manifest.lock";
			outputFileListPaths = (
			);
			outputPaths = (
				"$(DERIVED_FILE_DIR)/Pods-Unit1-checkManifestLockResult.txt",
			);
			runOnlyForDeploymentPostprocessing = 0;
			shellPath = /bin/sh;
			shellScript = "diff \"${PODS_PODFILE_DIR_PATH}/Podfile.lock\" \"${PODS_ROOT}/Manifest.lock\" > /dev/null\nif [ $? != 0 ] ; then\n    # print error to STDERR\n    echo \"error: The sandbox is not in sync with the Podfile.lock. Run 'pod install' or update your CocoaPods installation.\" >&2\n    exit 1\nfi\n# This output is used by Xcode 'outputs' to avoid re-running this script phase.\necho \"SUCCESS\" > \"${SCRIPT_OUTPUT_FILE_0}\"\n";
			showEnvVarsInLog = 0;
		};
		90488BA62CDB9E7F9A8D0312 /* [CP] Embed Pods Frameworks */ = {
			isa = PBXShellScriptBuildPhase;
			buildActionMask = 2147483647;
			files = (
			);
			inputFileListPaths = (
				"${PODS_ROOT}/Target Support Files/Pods-Unit1-Unit1UITests/Pods-Unit1-Unit1UITests-frameworks-${CONFIGURATION}-input-files.xcfilelist",
			);
			name = "[CP] Embed Pods Frameworks";
			outputFileListPaths = (
				"${PODS_ROOT}/Target Support Files/Pods-Unit1-Unit1UITests/Pods-Unit1-Unit1UITests-frameworks-${CONFIGURATION}-output-files.xcfilelist",
			);
			runOnlyForDeploymentPostprocessing = 0;
			shellPath = /bin/sh;
			shellScript = "\"${PODS_ROOT}/Target Support Files/Pods-Unit1-Unit1UITests/Pods-Unit1-Unit1UITests-frameworks.sh\"\n";
			showEnvVarsInLog = 0;
		};
		B2561D38685361C07424ED42 /* [CP] Embed Pods Frameworks */ = {
			isa = PBXShellScriptBuildPhase;
			buildActionMask = 2147483647;
			files = (
			);
			inputFileListPaths = (
				"${PODS_ROOT}/Target Support Files/Pods-Unit1/Pods-Unit1-frameworks-${CONFIGURATION}-input-files.xcfilelist",
			);
			name = "[CP] Embed Pods Frameworks";
			outputFileListPaths = (
				"${PODS_ROOT}/Target Support Files/Pods-Unit1/Pods-Unit1-frameworks-${CONFIGURATION}-output-files.xcfilelist",
			);
			runOnlyForDeploymentPostprocessing = 0;
			shellPath = /bin/sh;
			shellScript = "\"${PODS_ROOT}/Target Support Files/Pods-Unit1/Pods-Unit1-frameworks.sh\"\n";
			showEnvVarsInLog = 0;
		};
		CD0371A915FAA13DEEDE07E0 /* [CP] Check Pods Manifest.lock */ = {
			isa = PBXShellScriptBuildPhase;
			buildActionMask = 2147483647;
			files = (
			);
			inputFileListPaths = (
			);
			inputPaths = (
				"${PODS_PODFILE_DIR_PATH}/Podfile.lock",
				"${PODS_ROOT}/Manifest.lock",
			);
			name = "[CP] Check Pods Manifest.lock";
			outputFileListPaths = (
			);
			outputPaths = (
				"$(DERIVED_FILE_DIR)/Pods-Unit1Tests-checkManifestLockResult.txt",
			);
			runOnlyForDeploymentPostprocessing = 0;
			shellPath = /bin/sh;
			shellScript = "diff \"${PODS_PODFILE_DIR_PATH}/Podfile.lock\" \"${PODS_ROOT}/Manifest.lock\" > /dev/null\nif [ $? != 0 ] ; then\n    # print error to STDERR\n    echo \"error: The sandbox is not in sync with the Podfile.lock. Run 'pod install' or update your CocoaPods installation.\" >&2\n    exit 1\nfi\n# This output is used by Xcode 'outputs' to avoid re-running this script phase.\necho \"SUCCESS\" > \"${SCRIPT_OUTPUT_FILE_0}\"\n";
			showEnvVarsInLog = 0;
		};
/* End PBXShellScriptBuildPhase section */

/* Begin PBXSourcesBuildPhase section */
		6E8FB30D26FDF6DB00546CC9 /* Sources */ = {
			isa = PBXSourcesBuildPhase;
			buildActionMask = 2147483647;
			files = (
				6E1948002707A9190045D1D2 /* MovieDetailsViewController.swift in Sources */,
				6E8FB31926FDF6DB00546CC9 /* ViewController.swift in Sources */,
				6E8FB31526FDF6DB00546CC9 /* AppDelegate.swift in Sources */,
				6E8FB34626FE5B3200546CC9 /* MovieCell.swift in Sources */,
				6E8FB31726FDF6DB00546CC9 /* SceneDelegate.swift in Sources */,
				6E1948022707BB9D0045D1D2 /* MovieGridViewController.swift in Sources */,
				6E1948042707C2EA0045D1D2 /* MovieGridCell.swift in Sources */,
			);
			runOnlyForDeploymentPostprocessing = 0;
		};
		6E8FB32326FDF6DD00546CC9 /* Sources */ = {
			isa = PBXSourcesBuildPhase;
			buildActionMask = 2147483647;
			files = (
				6E8FB32C26FDF6DD00546CC9 /* Unit1Tests.swift in Sources */,
			);
			runOnlyForDeploymentPostprocessing = 0;
		};
		6E8FB32E26FDF6DD00546CC9 /* Sources */ = {
			isa = PBXSourcesBuildPhase;
			buildActionMask = 2147483647;
			files = (
				6E8FB33726FDF6DD00546CC9 /* Unit1UITests.swift in Sources */,
			);
			runOnlyForDeploymentPostprocessing = 0;
		};
/* End PBXSourcesBuildPhase section */

/* Begin PBXTargetDependency section */
		6E8FB32926FDF6DD00546CC9 /* PBXTargetDependency */ = {
			isa = PBXTargetDependency;
			target = 6E8FB31026FDF6DB00546CC9 /* Unit1 */;
			targetProxy = 6E8FB32826FDF6DD00546CC9 /* PBXContainerItemProxy */;
		};
		6E8FB33426FDF6DD00546CC9 /* PBXTargetDependency */ = {
			isa = PBXTargetDependency;
			target = 6E8FB31026FDF6DB00546CC9 /* Unit1 */;
			targetProxy = 6E8FB33326FDF6DD00546CC9 /* PBXContainerItemProxy */;
		};
/* End PBXTargetDependency section */

/* Begin PBXVariantGroup section */
		6E8FB31A26FDF6DB00546CC9 /* Main.storyboard */ = {
			isa = PBXVariantGroup;
			children = (
				6E8FB31B26FDF6DB00546CC9 /* Base */,
			);
			name = Main.storyboard;
			sourceTree = "<group>";
		};
		6E8FB31F26FDF6DD00546CC9 /* LaunchScreen.storyboard */ = {
			isa = PBXVariantGroup;
			children = (
				6E8FB32026FDF6DD00546CC9 /* Base */,
			);
			name = LaunchScreen.storyboard;
			sourceTree = "<group>";
		};
/* End PBXVariantGroup section */

/* Begin XCBuildConfiguration section */
		6E8FB33926FDF6DD00546CC9 /* Debug */ = {
			isa = XCBuildConfiguration;
			buildSettings = {
				ALWAYS_SEARCH_USER_PATHS = NO;
				CLANG_ANALYZER_NONNULL = YES;
				CLANG_ANALYZER_NUMBER_OBJECT_CONVERSION = YES_AGGRESSIVE;
				CLANG_CXX_LANGUAGE_STANDARD = "gnu++14";
				CLANG_CXX_LIBRARY = "libc++";
				CLANG_ENABLE_MODULES = YES;
				CLANG_ENABLE_OBJC_ARC = YES;
				CLANG_ENABLE_OBJC_WEAK = YES;
				CLANG_WARN_BLOCK_CAPTURE_AUTORELEASING = YES;
				CLANG_WARN_BOOL_CONVERSION = YES;
				CLANG_WARN_COMMA = YES;
				CLANG_WARN_CONSTANT_CONVERSION = YES;
				CLANG_WARN_DEPRECATED_OBJC_IMPLEMENTATIONS = YES;
				CLANG_WARN_DIRECT_OBJC_ISA_USAGE = YES_ERROR;
				CLANG_WARN_DOCUMENTATION_COMMENTS = YES;
				CLANG_WARN_EMPTY_BODY = YES;
				CLANG_WARN_ENUM_CONVERSION = YES;
				CLANG_WARN_INFINITE_RECURSION = YES;
				CLANG_WARN_INT_CONVERSION = YES;
				CLANG_WARN_NON_LITERAL_NULL_CONVERSION = YES;
				CLANG_WARN_OBJC_IMPLICIT_RETAIN_SELF = YES;
				CLANG_WARN_OBJC_LITERAL_CONVERSION = YES;
				CLANG_WARN_OBJC_ROOT_CLASS = YES_ERROR;
				CLANG_WARN_QUOTED_INCLUDE_IN_FRAMEWORK_HEADER = YES;
				CLANG_WARN_RANGE_LOOP_ANALYSIS = YES;
				CLANG_WARN_STRICT_PROTOTYPES = YES;
				CLANG_WARN_SUSPICIOUS_MOVE = YES;
				CLANG_WARN_UNGUARDED_AVAILABILITY = YES_AGGRESSIVE;
				CLANG_WARN_UNREACHABLE_CODE = YES;
				CLANG_WARN__DUPLICATE_METHOD_MATCH = YES;
				COPY_PHASE_STRIP = NO;
				DEBUG_INFORMATION_FORMAT = dwarf;
				ENABLE_STRICT_OBJC_MSGSEND = YES;
				ENABLE_TESTABILITY = YES;
				GCC_C_LANGUAGE_STANDARD = gnu11;
				GCC_DYNAMIC_NO_PIC = NO;
				GCC_NO_COMMON_BLOCKS = YES;
				GCC_OPTIMIZATION_LEVEL = 0;
				GCC_PREPROCESSOR_DEFINITIONS = (
					"DEBUG=1",
					"$(inherited)",
				);
				GCC_WARN_64_TO_32_BIT_CONVERSION = YES;
				GCC_WARN_ABOUT_RETURN_TYPE = YES_ERROR;
				GCC_WARN_UNDECLARED_SELECTOR = YES;
				GCC_WARN_UNINITIALIZED_AUTOS = YES_AGGRESSIVE;
				GCC_WARN_UNUSED_FUNCTION = YES;
				GCC_WARN_UNUSED_VARIABLE = YES;
				IPHONEOS_DEPLOYMENT_TARGET = 14.5;
				MTL_ENABLE_DEBUG_INFO = INCLUDE_SOURCE;
				MTL_FAST_MATH = YES;
				ONLY_ACTIVE_ARCH = YES;
				SDKROOT = iphoneos;
				SWIFT_ACTIVE_COMPILATION_CONDITIONS = DEBUG;
				SWIFT_OPTIMIZATION_LEVEL = "-Onone";
			};
			name = Debug;
		};
		6E8FB33A26FDF6DD00546CC9 /* Release */ = {
			isa = XCBuildConfiguration;
			buildSettings = {
				ALWAYS_SEARCH_USER_PATHS = NO;
				CLANG_ANALYZER_NONNULL = YES;
				CLANG_ANALYZER_NUMBER_OBJECT_CONVERSION = YES_AGGRESSIVE;
				CLANG_CXX_LANGUAGE_STANDARD = "gnu++14";
				CLANG_CXX_LIBRARY = "libc++";
				CLANG_ENABLE_MODULES = YES;
				CLANG_ENABLE_OBJC_ARC = YES;
				CLANG_ENABLE_OBJC_WEAK = YES;
				CLANG_WARN_BLOCK_CAPTURE_AUTORELEASING = YES;
				CLANG_WARN_BOOL_CONVERSION = YES;
				CLANG_WARN_COMMA = YES;
				CLANG_WARN_CONSTANT_CONVERSION = YES;
				CLANG_WARN_DEPRECATED_OBJC_IMPLEMENTATIONS = YES;
				CLANG_WARN_DIRECT_OBJC_ISA_USAGE = YES_ERROR;
				CLANG_WARN_DOCUMENTATION_COMMENTS = YES;
				CLANG_WARN_EMPTY_BODY = YES;
				CLANG_WARN_ENUM_CONVERSION = YES;
				CLANG_WARN_INFINITE_RECURSION = YES;
				CLANG_WARN_INT_CONVERSION = YES;
				CLANG_WARN_NON_LITERAL_NULL_CONVERSION = YES;
				CLANG_WARN_OBJC_IMPLICIT_RETAIN_SELF = YES;
				CLANG_WARN_OBJC_LITERAL_CONVERSION = YES;
				CLANG_WARN_OBJC_ROOT_CLASS = YES_ERROR;
				CLANG_WARN_QUOTED_INCLUDE_IN_FRAMEWORK_HEADER = YES;
				CLANG_WARN_RANGE_LOOP_ANALYSIS = YES;
				CLANG_WARN_STRICT_PROTOTYPES = YES;
				CLANG_WARN_SUSPICIOUS_MOVE = YES;
				CLANG_WARN_UNGUARDED_AVAILABILITY = YES_AGGRESSIVE;
				CLANG_WARN_UNREACHABLE_CODE = YES;
				CLANG_WARN__DUPLICATE_METHOD_MATCH = YES;
				COPY_PHASE_STRIP = NO;
				DEBUG_INFORMATION_FORMAT = "dwarf-with-dsym";
				ENABLE_NS_ASSERTIONS = NO;
				ENABLE_STRICT_OBJC_MSGSEND = YES;
				GCC_C_LANGUAGE_STANDARD = gnu11;
				GCC_NO_COMMON_BLOCKS = YES;
				GCC_WARN_64_TO_32_BIT_CONVERSION = YES;
				GCC_WARN_ABOUT_RETURN_TYPE = YES_ERROR;
				GCC_WARN_UNDECLARED_SELECTOR = YES;
				GCC_WARN_UNINITIALIZED_AUTOS = YES_AGGRESSIVE;
				GCC_WARN_UNUSED_FUNCTION = YES;
				GCC_WARN_UNUSED_VARIABLE = YES;
				IPHONEOS_DEPLOYMENT_TARGET = 14.5;
				MTL_ENABLE_DEBUG_INFO = NO;
				MTL_FAST_MATH = YES;
				SDKROOT = iphoneos;
				SWIFT_COMPILATION_MODE = wholemodule;
				SWIFT_OPTIMIZATION_LEVEL = "-O";
				VALIDATE_PRODUCT = YES;
			};
			name = Release;
		};
		6E8FB33C26FDF6DD00546CC9 /* Debug */ = {
			isa = XCBuildConfiguration;
			baseConfigurationReference = 530594E7D879B8548CDCD0AA /* Pods-Unit1.debug.xcconfig */;
			buildSettings = {
				ASSETCATALOG_COMPILER_APPICON_NAME = AppIcon;
				ASSETCATALOG_COMPILER_GLOBAL_ACCENT_COLOR_NAME = AccentColor;
				CODE_SIGN_STYLE = Automatic;
				INFOPLIST_FILE = Unit1/Info.plist;
				LD_RUNPATH_SEARCH_PATHS = (
					"$(inherited)",
					"@executable_path/Frameworks",
				);
				PRODUCT_BUNDLE_IDENTIFIER = ae2195.Unit1;
				PRODUCT_NAME = "$(TARGET_NAME)";
				SWIFT_VERSION = 5.0;
				TARGETED_DEVICE_FAMILY = "1,2";
			};
			name = Debug;
		};
		6E8FB33D26FDF6DD00546CC9 /* Release */ = {
			isa = XCBuildConfiguration;
			baseConfigurationReference = E5AFA1E6F2C07548662D885E /* Pods-Unit1.release.xcconfig */;
			buildSettings = {
				ASSETCATALOG_COMPILER_APPICON_NAME = AppIcon;
				ASSETCATALOG_COMPILER_GLOBAL_ACCENT_COLOR_NAME = AccentColor;
				CODE_SIGN_STYLE = Automatic;
				INFOPLIST_FILE = Unit1/Info.plist;
				LD_RUNPATH_SEARCH_PATHS = (
					"$(inherited)",
					"@executable_path/Frameworks",
				);
				PRODUCT_BUNDLE_IDENTIFIER = ae2195.Unit1;
				PRODUCT_NAME = "$(TARGET_NAME)";
				SWIFT_VERSION = 5.0;
				TARGETED_DEVICE_FAMILY = "1,2";
			};
			name = Release;
		};
		6E8FB33F26FDF6DD00546CC9 /* Debug */ = {
			isa = XCBuildConfiguration;
			baseConfigurationReference = 575019BF92C0BDFE01F03DAD /* Pods-Unit1Tests.debug.xcconfig */;
			buildSettings = {
				ALWAYS_EMBED_SWIFT_STANDARD_LIBRARIES = YES;
				BUNDLE_LOADER = "$(TEST_HOST)";
				CODE_SIGN_STYLE = Automatic;
				INFOPLIST_FILE = Unit1Tests/Info.plist;
				IPHONEOS_DEPLOYMENT_TARGET = 14.5;
				LD_RUNPATH_SEARCH_PATHS = (
					"$(inherited)",
					"@executable_path/Frameworks",
					"@loader_path/Frameworks",
				);
				PRODUCT_BUNDLE_IDENTIFIER = ae2195.Unit1Tests;
				PRODUCT_NAME = "$(TARGET_NAME)";
				SWIFT_VERSION = 5.0;
				TARGETED_DEVICE_FAMILY = "1,2";
				TEST_HOST = "$(BUILT_PRODUCTS_DIR)/Unit1.app/Unit1";
			};
			name = Debug;
		};
		6E8FB34026FDF6DD00546CC9 /* Release */ = {
			isa = XCBuildConfiguration;
			baseConfigurationReference = 8A8851AEC9C05514B7BD583A /* Pods-Unit1Tests.release.xcconfig */;
			buildSettings = {
				ALWAYS_EMBED_SWIFT_STANDARD_LIBRARIES = YES;
				BUNDLE_LOADER = "$(TEST_HOST)";
				CODE_SIGN_STYLE = Automatic;
				INFOPLIST_FILE = Unit1Tests/Info.plist;
				IPHONEOS_DEPLOYMENT_TARGET = 14.5;
				LD_RUNPATH_SEARCH_PATHS = (
					"$(inherited)",
					"@executable_path/Frameworks",
					"@loader_path/Frameworks",
				);
				PRODUCT_BUNDLE_IDENTIFIER = ae2195.Unit1Tests;
				PRODUCT_NAME = "$(TARGET_NAME)";
				SWIFT_VERSION = 5.0;
				TARGETED_DEVICE_FAMILY = "1,2";
				TEST_HOST = "$(BUILT_PRODUCTS_DIR)/Unit1.app/Unit1";
			};
			name = Release;
		};
		6E8FB34226FDF6DD00546CC9 /* Debug */ = {
			isa = XCBuildConfiguration;
			baseConfigurationReference = 2524E8FD32A5CDD23EF0D124 /* Pods-Unit1-Unit1UITests.debug.xcconfig */;
			buildSettings = {
				ALWAYS_EMBED_SWIFT_STANDARD_LIBRARIES = YES;
				CODE_SIGN_STYLE = Automatic;
				INFOPLIST_FILE = Unit1UITests/Info.plist;
				LD_RUNPATH_SEARCH_PATHS = (
					"$(inherited)",
					"@executable_path/Frameworks",
					"@loader_path/Frameworks",
				);
				PRODUCT_BUNDLE_IDENTIFIER = ae2195.Unit1UITests;
				PRODUCT_NAME = "$(TARGET_NAME)";
				SWIFT_VERSION = 5.0;
				TARGETED_DEVICE_FAMILY = "1,2";
				TEST_TARGET_NAME = Unit1;
			};
			name = Debug;
		};
		6E8FB34326FDF6DD00546CC9 /* Release */ = {
			isa = XCBuildConfiguration;
			baseConfigurationReference = 46B0888FBBFA1ED4BCD5131B /* Pods-Unit1-Unit1UITests.release.xcconfig */;
			buildSettings = {
				ALWAYS_EMBED_SWIFT_STANDARD_LIBRARIES = YES;
				CODE_SIGN_STYLE = Automatic;
				INFOPLIST_FILE = Unit1UITests/Info.plist;
				LD_RUNPATH_SEARCH_PATHS = (
					"$(inherited)",
					"@executable_path/Frameworks",
					"@loader_path/Frameworks",
				);
				PRODUCT_BUNDLE_IDENTIFIER = ae2195.Unit1UITests;
				PRODUCT_NAME = "$(TARGET_NAME)";
				SWIFT_VERSION = 5.0;
				TARGETED_DEVICE_FAMILY = "1,2";
				TEST_TARGET_NAME = Unit1;
			};
			name = Release;
		};
/* End XCBuildConfiguration section */

/* Begin XCConfigurationList section */
		6E8FB30C26FDF6DB00546CC9 /* Build configuration list for PBXProject "Unit1" */ = {
			isa = XCConfigurationList;
			buildConfigurations = (
				6E8FB33926FDF6DD00546CC9 /* Debug */,
				6E8FB33A26FDF6DD00546CC9 /* Release */,
			);
			defaultConfigurationIsVisible = 0;
			defaultConfigurationName = Release;
		};
		6E8FB33B26FDF6DD00546CC9 /* Build configuration list for PBXNativeTarget "Unit1" */ = {
			isa = XCConfigurationList;
			buildConfigurations = (
				6E8FB33C26FDF6DD00546CC9 /* Debug */,
				6E8FB33D26FDF6DD00546CC9 /* Release */,
			);
			defaultConfigurationIsVisible = 0;
			defaultConfigurationName = Release;
		};
		6E8FB33E26FDF6DD00546CC9 /* Build configuration list for PBXNativeTarget "Unit1Tests" */ = {
			isa = XCConfigurationList;
			buildConfigurations = (
				6E8FB33F26FDF6DD00546CC9 /* Debug */,
				6E8FB34026FDF6DD00546CC9 /* Release */,
			);
			defaultConfigurationIsVisible = 0;
			defaultConfigurationName = Release;
		};
		6E8FB34126FDF6DD00546CC9 /* Build configuration list for PBXNativeTarget "Unit1UITests" */ = {
			isa = XCConfigurationList;
			buildConfigurations = (
				6E8FB34226FDF6DD00546CC9 /* Debug */,
				6E8FB34326FDF6DD00546CC9 /* Release */,
			);
			defaultConfigurationIsVisible = 0;
			defaultConfigurationName = Release;
		};
/* End XCConfigurationList section */

/* Begin XCRemoteSwiftPackageReference section */
		6E8FB34726FE666600546CC9 /* XCRemoteSwiftPackageReference "AlamofireImage" */ = {
			isa = XCRemoteSwiftPackageReference;
			repositoryURL = "https://github.com/Alamofire/AlamofireImage";
			requirement = {
				kind = upToNextMajorVersion;
				minimumVersion = 4.2.0;
			};
		};
/* End XCRemoteSwiftPackageReference section */

/* Begin XCSwiftPackageProductDependency section */
		6E8FB34826FE666600546CC9 /* AlamofireImage */ = {
			isa = XCSwiftPackageProductDependency;
			package = 6E8FB34726FE666600546CC9 /* XCRemoteSwiftPackageReference "AlamofireImage" */;
			productName = AlamofireImage;
		};
/* End XCSwiftPackageProductDependency section */
	};
	rootObject = 6E8FB30926FDF6DB00546CC9 /* Project object */;
}
